
Microsoft Visual Studio Solution File, Format Version 12.00
# Visual Studio Version 16
VisualStudioVersion = 16.0.33214.272
MinimumVisualStudioVersion = 10.0.40219.1
Project("{FAE04EC0-301F-11D3-BF4B-00C04F79EFBC}") = "TS", "TS\TS.csproj", "{F5D69234-F3B7-4CD6-B1C5-DA8F03280E9D}"
EndProject
Project("{FAE04EC0-301F-11D3-BF4B-00C04F79EFBC}") = "TS_TEST", "TS_TEST\TS_TEST.csproj", "{01CB6594-91ED-4BC7-9BCA-CDA60CA399AC}"
EndProject
Global
	GlobalSection(SolutionConfigurationPlatforms) = preSolution
		Debug|Any CPU = Debug|Any CPU
		Release|Any CPU = Release|Any CPU
	EndGlobalSection
	GlobalSection(ProjectConfigurationPlatforms) = postSolution
		{F5D69234-F3B7-4CD6-B1C5-DA8F03280E9D}.Debug|Any CPU.ActiveCfg = Debug|Any CPU
		{F5D69234-F3B7-4CD6-B1C5-DA8F03280E9D}.Debug|Any CPU.Build.0 = Debug|Any CPU
		{F5D69234-F3B7-4CD6-B1C5-DA8F03280E9D}.Release|Any CPU.ActiveCfg = Release|Any CPU
		{F5D69234-F3B7-4CD6-B1C5-DA8F03280E9D}.Release|Any CPU.Build.0 = Release|Any CPU
		{01CB6594-91ED-4BC7-9BCA-CDA60CA399AC}.Debug|Any CPU.ActiveCfg = Debug|Any CPU
		{01CB6594-91ED-4BC7-9BCA-CDA60CA399AC}.Debug|Any CPU.Build.0 = Debug|Any CPU
		{01CB6594-91ED-4BC7-9BCA-CDA60CA399AC}.Release|Any CPU.ActiveCfg = Release|Any CPU
		{01CB6594-91ED-4BC7-9BCA-CDA60CA399AC}.Release|Any CPU.Build.0 = Release|Any CPU
	EndGlobalSection
	GlobalSection(SolutionProperties) = preSolution
		HideSolutionNode = FALSE
	EndGlobalSection
	GlobalSection(ExtensibilityGlobals) = postSolution
		SolutionGuid = {AD5A4EA0-808A-4094-B195-309ED2390CB0}
	EndGlobalSection
EndGlobal
